# THIS IS AN AUTOGENERATED FILE. DO NOT EDIT THIS FILE DIRECTLY.
# yarn lockfile v1


"@types/node@^14.11.1":
  version "14.11.1"
  resolved "https://registry.yarnpkg.com/@types/node/-/node-14.11.1.tgz#56af902ad157e763f9ba63d671c39cda3193c835"
  integrity sha512-oTQgnd0hblfLsJ6BvJzzSL+Inogp3lq9fGgqRkMB/ziKMgEUaFl801OncOzUmalfzt14N0oPHMK47ipl+wbTIw==

commander@^6.1.0:
  version "6.1.0"
  resolved "https://registry.yarnpkg.com/commander/-/commander-6.1.0.tgz#f8d722b78103141006b66f4c7ba1e97315ba75bc"
  integrity sha512-wl7PNrYWd2y5mp1OK/LhTlv8Ff4kQJQRXXAvF+uU/TPNiVJUxZLRYGj/B0y/lPGAVcSbJqH2Za/cvHmrPMC8mA==

fp-ts@^2.8.3:
  version "2.8.3"
  resolved "https://registry.yarnpkg.com/fp-ts/-/fp-ts-2.8.3.tgz#c09652bbf21e64d65a9f93587ad549ab0e03abe7"
  integrity sha512-oGD3BTSzFCPs9alaI/2gh0SCNKyhPXkpeIBvkXNvnoczHfDAUd2HHtotCdLO0hOTTTTx8VKA0mhhR7LUNo+cKg==

io-ts@^2.2.10:
  version "2.2.10"
  resolved "https://registry.yarnpkg.com/io-ts/-/io-ts-2.2.10.tgz#447d02df51717464a90712b146ec8dbc21b4a74b"
  integrity sha512-WHx5jJe7hPpc6JoSIVbD+Xn6tYqe3cRvNpX24d8Wi15/kxhRWa8apo0Gzag6Xg99sCNY9OHKylw/Vhv0JAbNPQ==

prettier@^2.1.2:
  version "2.1.2"
  resolved "https://registry.yarnpkg.com/prettier/-/prettier-2.1.2.tgz#3050700dae2e4c8b67c4c3f666cdb8af405e1ce5"
  integrity sha512-16c7K+x4qVlJg9rEbXl7HEGmQyZlG4R9AgP+oHKRMsMsuk8s+ATStlf1NpDqyBI1HpVyfjLOeMhH2LvuNvV5Vg==

typescript@^4.0.3:
  version "4.0.3"
  resolved "https://registry.yarnpkg.com/typescript/-/typescript-4.0.3.tgz#153bbd468ef07725c1df9c77e8b453f8d36abba5"
  integrity sha512-tEu6DGxGgRJPb/mVPIZ48e69xCn2yRmCgYmDugAVwmJ6o+0u1RI18eO7E7WBTLYLaEVVOhwQmcdhQHweux/WPg==

yaml@^1.10.0:
  version "1.10.0"
  resolved "https://registry.yarnpkg.com/yaml/-/yaml-1.10.0.tgz#3b593add944876077d4d683fee01081bd9fff31e"
  integrity sha512-yr2icI4glYaNG+KWONODapy2/jDdMSDnrONSjblABjD9B4Z5LgiircSt8m8sRZFNi08kG9Sm0uSHtEmP3zaEGg==
